# This file is automatically @generated by Poetry 2.0.1 and should not be changed by hand.

[[package]]
name = "ovejas"
version = "0.3.81"
description = ""
optional = false
python-versions = "^3.12"
groups = ["main"]
files = []
develop = false

[package.source]
type = "directory"
url = "../python_sdk"

[metadata]
lock-version = "2.1"
python-versions = "^3.12"
content-hash = "5bc5896d40e2304bf7ca76c9781cd7810567840d8c2da5b5ac75b943588c7ad1"
